
Microsoft Visual Studio Solution File, Format Version 12.00
# Visual Studio Version 17
VisualStudioVersion = 17.4.33213.308
MinimumVisualStudioVersion = 10.0.40219.1
Project("{FAE04EC0-301F-11D3-BF4B-00C04F79EFBC}") = "TecEcommerce.API", "TecEcommerce.API\TecEcommerce.API.csproj", "{B67BFB31-19C7-4132-AEDA-9072123E2EDF}"
EndProject
Global
	GlobalSection(SolutionConfigurationPlatforms) = preSolution
		Debug|Any CPU = Debug|Any CPU
		Release|Any CPU = Release|Any CPU
	EndGlobalSection
	GlobalSection(ProjectConfigurationPlatforms) = postSolution
		{B67BFB31-19C7-4132-AEDA-9072123E2EDF}.Debug|Any CPU.ActiveCfg = Debug|Any CPU
		{B67BFB31-19C7-4132-AEDA-9072123E2EDF}.Debug|Any CPU.Build.0 = Debug|Any CPU
		{B67BFB31-19C7-4132-AEDA-9072123E2EDF}.Release|Any CPU.ActiveCfg = Release|Any CPU
		{B67BFB31-19C7-4132-AEDA-9072123E2EDF}.Release|Any CPU.Build.0 = Release|Any CPU
	EndGlobalSection
	GlobalSection(SolutionProperties) = preSolution
		HideSolutionNode = FALSE
	EndGlobalSection
	GlobalSection(ExtensibilityGlobals) = postSolution
		SolutionGuid = {4B52A478-D0E9-4737-ACB8-12E45B2ADA6A}
	EndGlobalSection
EndGlobal
